{
  "lockfileVersion": 1,
  "workspaces": {
    "": {
      "devDependencies": {
        "@biomejs/biome": "^2.0.4",
        "concurrently": "^9.1.2",
        "lefthook": "^1.11.13",
      },
    },
  },
  "packages": {
    "@biomejs/biome": ["@biomejs/biome@2.0.4", "", { "optionalDependencies": { "@biomejs/cli-darwin-arm64": "2.0.4", "@biomejs/cli-darwin-x64": "2.0.4", "@biomejs/cli-linux-arm64": "2.0.4", "@biomejs/cli-linux-arm64-musl": "2.0.4", "@biomejs/cli-linux-x64": "2.0.4", "@biomejs/cli-linux-x64-musl": "2.0.4", "@biomejs/cli-win32-arm64": "2.0.4", "@biomejs/cli-win32-x64": "2.0.4" }, "bin": { "biome": "bin/biome" } }, "sha512-DNA++xe+E7UugTvI/HhzSFl6OwrVgU8SIV0Mb2fPtWPk2/oTr4eOSA5xy1JECrvgJeYxurmUBOS49qxv/OUkrQ=="],

    "@biomejs/cli-darwin-arm64": ["@biomejs/cli-darwin-arm64@2.0.4", "", { "os": "darwin", "cpu": "arm64" }, "sha512-r5McIUMMiedwJ2rltuXhj0+w0W7IJLpkOS+OGCVZQQOOcrGY9gUSUmOo7O6Z7P0vlv5YYZkPbi+qR9MDDWRBSw=="],

    "@biomejs/cli-darwin-x64": ["@biomejs/cli-darwin-x64@2.0.4", "", { "os": "darwin", "cpu": "x64" }, "sha512-aV5Zc/3E3aXFbrjK1IgCMEQc+6PCkBL+NS+vtjoNM2VPFeM5OL5Q82BI4YZyPnebj+k42BPIoYtz0jJ95PGRRg=="],

    "@biomejs/cli-linux-arm64": ["@biomejs/cli-linux-arm64@2.0.4", "", { "os": "linux", "cpu": "arm64" }, "sha512-nlJhf7DyuajMj+S7Ygum59cbrHvI/nSRvedfJcEIx4X7SsiZjpRUiC5XtEn77kg7NIKq/KqG5roQIHkmjuFHCw=="],

    "@biomejs/cli-linux-arm64-musl": ["@biomejs/cli-linux-arm64-musl@2.0.4", "", { "os": "linux", "cpu": "arm64" }, "sha512-cNukq2PthoOa7quqaKoEFz4Zd1pDPJGfTR5jVyk9Z9iFHEm6TI7+7eeIs3aYcEuuJPNFR9xhJ4Uj3E2iUWkV3A=="],

    "@biomejs/cli-linux-x64": ["@biomejs/cli-linux-x64@2.0.4", "", { "os": "linux", "cpu": "x64" }, "sha512-jlzrNZ+OzN9wvp2RL3cl5Y4NiV7xSU+QV5A8bWXke1on3jKy7QbXajybSjVQ6aFw1gdrqkO/W8xV5HODhIMT4g=="],

    "@biomejs/cli-linux-x64-musl": ["@biomejs/cli-linux-x64-musl@2.0.4", "", { "os": "linux", "cpu": "x64" }, "sha512-oWQALSbp8xF0t/wiHU2zdkZOpIHyaI9QxQv0Ytty9GAKsCGP6pczp8qyKD/P49iGJdDozHp5KiuQPxs33APhyA=="],

    "@biomejs/cli-win32-arm64": ["@biomejs/cli-win32-arm64@2.0.4", "", { "os": "win32", "cpu": "arm64" }, "sha512-/PbNhMJo9ONja7hOxLlifM/qgeHpRD9bF2flTz5KIrXnQqpuegaRuwP/HYdJ9TFkTKFjHkPLoE4onOz3HIT5CQ=="],

    "@biomejs/cli-win32-x64": ["@biomejs/cli-win32-x64@2.0.4", "", { "os": "win32", "cpu": "x64" }, "sha512-dIM4SgO4/Rmsb4X7fwKtciQ682SZDSC1lm42uSM9gt8zNqBIeTaqsMc6eO1DpxYWMlAb/n2SML9+HUHmCib7NA=="],

    "ansi-regex": ["ansi-regex@5.0.1", "", {}, "sha512-quJQXlTSUGL2LH9SUXo8VwsY4soanhgo6LNSm84E1LBcE8s3O0wpdiRzyR9z/ZZJMlMWv37qOOb9pdJlMUEKFQ=="],

    "ansi-styles": ["ansi-styles@4.3.0", "", { "dependencies": { "color-convert": "^2.0.1" } }, "sha512-zbB9rCJAT1rbjiVDb2hqKFHNYLxgtk8NURxZ3IZwD3F6NtxbXZQCnnSi1Lkx+IDohdPlFp222wVALIheZJQSEg=="],

    "chalk": ["chalk@4.1.2", "", { "dependencies": { "ansi-styles": "^4.1.0", "supports-color": "^7.1.0" } }, "sha512-oKnbhFyRIXpUuez8iBMmyEa4nbj4IOQyuhc/wy9kY7/WVPcwIO9VA668Pu8RkO7+0G76SLROeyw9CpQ061i4mA=="],

    "cliui": ["cliui@8.0.1", "", { "dependencies": { "string-width": "^4.2.0", "strip-ansi": "^6.0.1", "wrap-ansi": "^7.0.0" } }, "sha512-BSeNnyus75C4//NQ9gQt1/csTXyo/8Sb+afLAkzAptFuMsod9HFokGNudZpi/oQV73hnVK+sR+5PVRMd+Dr7YQ=="],

    "color-convert": ["color-convert@2.0.1", "", { "dependencies": { "color-name": "~1.1.4" } }, "sha512-RRECPsj7iu/xb5oKYcsFHSppFNnsj/52OVTRKb4zP5onXwVF3zVmmToNcOfGC+CRDpfK/U584fMg38ZHCaElKQ=="],

    "color-name": ["color-name@1.1.4", "", {}, "sha512-dOy+3AuW3a2wNbZHIuMZpTcgjGuLU/uBL/ubcZF9OXbDo8ff4O8yVp5Bf0efS8uEoYo5q4Fx7dY9OgQGXgAsQA=="],

    "concurrently": ["concurrently@9.1.2", "", { "dependencies": { "chalk": "^4.1.2", "lodash": "^4.17.21", "rxjs": "^7.8.1", "shell-quote": "^1.8.1", "supports-color": "^8.1.1", "tree-kill": "^1.2.2", "yargs": "^17.7.2" }, "bin": { "conc": "dist/bin/concurrently.js", "concurrently": "dist/bin/concurrently.js" } }, "sha512-H9MWcoPsYddwbOGM6difjVwVZHl63nwMEwDJG/L7VGtuaJhb12h2caPG2tVPWs7emuYix252iGfqOyrz1GczTQ=="],

    "emoji-regex": ["emoji-regex@8.0.0", "", {}, "sha512-MSjYzcWNOA0ewAHpz0MxpYFvwg6yjy1NG3xteoqz644VCo/RPgnr1/GGt+ic3iJTzQ8Eu3TdM14SawnVUmGE6A=="],

    "escalade": ["escalade@3.2.0", "", {}, "sha512-WUj2qlxaQtO4g6Pq5c29GTcWGDyd8itL8zTlipgECz3JesAiiOKotd8JU6otB3PACgG6xkJUyVhboMS+bje/jA=="],

    "get-caller-file": ["get-caller-file@2.0.5", "", {}, "sha512-DyFP3BM/3YHTQOCUL/w0OZHR0lpKeGrxotcHWcqNEdnltqFwXVfhEBQ94eIo34AfQpo0rGki4cyIiftY06h2Fg=="],

    "has-flag": ["has-flag@4.0.0", "", {}, "sha512-EykJT/Q1KjTWctppgIAgfSO0tKVuZUjhgMr17kqTumMl6Afv3EISleU7qZUzoXDFTAHTDC4NOoG/ZxU3EvlMPQ=="],

    "is-fullwidth-code-point": ["is-fullwidth-code-point@3.0.0", "", {}, "sha512-zymm5+u+sCsSWyD9qNaejV3DFvhCKclKdizYaJUuHA83RLjb7nSuGnddCHGv0hk+KY7BMAlsWeK4Ueg6EV6XQg=="],

    "lefthook": ["lefthook@1.11.13", "", { "optionalDependencies": { "lefthook-darwin-arm64": "1.11.13", "lefthook-darwin-x64": "1.11.13", "lefthook-freebsd-arm64": "1.11.13", "lefthook-freebsd-x64": "1.11.13", "lefthook-linux-arm64": "1.11.13", "lefthook-linux-x64": "1.11.13", "lefthook-openbsd-arm64": "1.11.13", "lefthook-openbsd-x64": "1.11.13", "lefthook-windows-arm64": "1.11.13", "lefthook-windows-x64": "1.11.13" }, "bin": { "lefthook": "bin/index.js" } }, "sha512-SDTk3D4nW1XRpR9u9fdYQ/qj1xeZVIwZmIFdJUnyq+w9ZLdCCvIrOmtD8SFiJowSevISjQDC+f9nqyFXUxc0SQ=="],

    "lefthook-darwin-arm64": ["lefthook-darwin-arm64@1.11.13", "", { "os": "darwin", "cpu": "arm64" }, "sha512-gHwHofXupCtzNLN+8esdWfFTnAEkmBxE/WKA0EwxPPJXdZYa1GUsiG5ipq/CdG/0j8ekYyM9Hzyrrk5BqJ42xw=="],

    "lefthook-darwin-x64": ["lefthook-darwin-x64@1.11.13", "", { "os": "darwin", "cpu": "x64" }, "sha512-zYxkWNUirmTidhskY9J9AwxvdMi3YKH+TqZ3AQ1EOqkOwPBWJQW5PbnzsXDrd3YnrtZScYm/tE/moXJpEPPIpQ=="],

    "lefthook-freebsd-arm64": ["lefthook-freebsd-arm64@1.11.13", "", { "os": "freebsd", "cpu": "arm64" }, "sha512-gJzWnllcMcivusmPorEkXPpEciKotlBHn7QxWwYaSjss/U3YdZu+NTjDO30b3qeiVlyq4RAZ4BPKJODXxHHwUA=="],

    "lefthook-freebsd-x64": ["lefthook-freebsd-x64@1.11.13", "", { "os": "freebsd", "cpu": "x64" }, "sha512-689XdchgtDvZQWFFx1szUvm/mqrq/v6laki0odq5FAfcSgUeLu3w+z6UicBS5l55eFJuQTDNKARFqrKJ04e+Vw=="],

    "lefthook-linux-arm64": ["lefthook-linux-arm64@1.11.13", "", { "os": "linux", "cpu": "arm64" }, "sha512-ujCLbaZg5S/Ao8KZAcNSb+Y3gl898ZEM0YKyiZmZo22dFFpm/5gcV46pF3xaqIw5IpH+3YYDTKDU+qTetmARyQ=="],

    "lefthook-linux-x64": ["lefthook-linux-x64@1.11.13", "", { "os": "linux", "cpu": "x64" }, "sha512-O5WdodeBtFOXQlvPcckqp4W/yqVM9DbVQBkvOxwSJlmsxO4sGYK1TqdxH9ihLB85B2kPPssZj9ze36/oizzhVQ=="],

    "lefthook-openbsd-arm64": ["lefthook-openbsd-arm64@1.11.13", "", { "os": "openbsd", "cpu": "arm64" }, "sha512-SyBpciUfvY/lUDbZu7L6MtL/SVG2+yMTckBgb4PdJQhJlisY0IsyOYdlTw2icPPrY7JnwdsFv8UW0EJOB76W4g=="],

    "lefthook-openbsd-x64": ["lefthook-openbsd-x64@1.11.13", "", { "os": "openbsd", "cpu": "x64" }, "sha512-6+/0j6O2dzo9cjTWUKfL2J6hRR7Krna/ssqnW8cWh8QHZKO9WJn34epto9qgjeHwSysou8byI7Mwv5zOGthLCQ=="],

    "lefthook-windows-arm64": ["lefthook-windows-arm64@1.11.13", "", { "os": "win32", "cpu": "arm64" }, "sha512-w5TwZ8bsZ17uOMtYGc5oEb4tCHjNTSeSXRy6H9Yic8E7IsPZtZLkaZGnIIwgXFuhhrcCdc6FuTvKt2tyV7EW2g=="],

    "lefthook-windows-x64": ["lefthook-windows-x64@1.11.13", "", { "os": "win32", "cpu": "x64" }, "sha512-7lvwnIs8CNOXKU4y3i1Pbqna+QegIORkSD2VCuHBNpIJ8H84NpjoG3tKU91IM/aI1a2eUvCk+dw+1rfMRz7Ytg=="],

    "lodash": ["lodash@4.17.21", "", {}, "sha512-v2kDEe57lecTulaDIuNTPy3Ry4gLGJ6Z1O3vE1krgXZNrsQ+LFTGHVxVjcXPs17LhbZVGedAJv8XZ1tvj5FvSg=="],

    "require-directory": ["require-directory@2.1.1", "", {}, "sha512-fGxEI7+wsG9xrvdjsrlmL22OMTTiHRwAMroiEeMgq8gzoLC/PQr7RsRDSTLUg/bZAZtF+TVIkHc6/4RIKrui+Q=="],

    "rxjs": ["rxjs@7.8.2", "", { "dependencies": { "tslib": "^2.1.0" } }, "sha512-dhKf903U/PQZY6boNNtAGdWbG85WAbjT/1xYoZIC7FAY0yWapOBQVsVrDl58W86//e1VpMNBtRV4MaXfdMySFA=="],

    "shell-quote": ["shell-quote@1.8.3", "", {}, "sha512-ObmnIF4hXNg1BqhnHmgbDETF8dLPCggZWBjkQfhZpbszZnYur5DUljTcCHii5LC3J5E0yeO/1LIMyH+UvHQgyw=="],

    "string-width": ["string-width@4.2.3", "", { "dependencies": { "emoji-regex": "^8.0.0", "is-fullwidth-code-point": "^3.0.0", "strip-ansi": "^6.0.1" } }, "sha512-wKyQRQpjJ0sIp62ErSZdGsjMJWsap5oRNihHhu6G7JVO/9jIB6UyevL+tXuOqrng8j/cxKTWyWUwvSTriiZz/g=="],

    "strip-ansi": ["strip-ansi@6.0.1", "", { "dependencies": { "ansi-regex": "^5.0.1" } }, "sha512-Y38VPSHcqkFrCpFnQ9vuSXmquuv5oXOKpGeT6aGrr3o3Gc9AlVa6JBfUSOCnbxGGZF+/0ooI7KrPuUSztUdU5A=="],

    "supports-color": ["supports-color@8.1.1", "", { "dependencies": { "has-flag": "^4.0.0" } }, "sha512-MpUEN2OodtUzxvKQl72cUF7RQ5EiHsGvSsVG0ia9c5RbWGL2CI4C7EpPS8UTBIplnlzZiNuV56w+FuNxy3ty2Q=="],

    "tree-kill": ["tree-kill@1.2.2", "", { "bin": { "tree-kill": "cli.js" } }, "sha512-L0Orpi8qGpRG//Nd+H90vFB+3iHnue1zSSGmNOOCh1GLJ7rUKVwV2HvijphGQS2UmhUZewS9VgvxYIdgr+fG1A=="],

    "tslib": ["tslib@2.8.1", "", {}, "sha512-oJFu94HQb+KVduSUQL7wnpmqnfmLsOA/nAh6b6EH0wCEoK0/mPeXU6c3wKDV83MkOuHPRHtSXKKU99IBazS/2w=="],

    "wrap-ansi": ["wrap-ansi@7.0.0", "", { "dependencies": { "ansi-styles": "^4.0.0", "string-width": "^4.1.0", "strip-ansi": "^6.0.0" } }, "sha512-YVGIj2kamLSTxw6NsZjoBxfSwsn0ycdesmc4p+Q21c5zPuZ1pl+NfxVdxPtdHvmNVOQ6XSYG4AUtyt/Fi7D16Q=="],

    "y18n": ["y18n@5.0.8", "", {}, "sha512-0pfFzegeDWJHJIAmTLRP2DwHjdF5s7jo9tuztdQxAhINCdvS+3nGINqPd00AphqJR/0LhANUS6/+7SCb98YOfA=="],

    "yargs": ["yargs@17.7.2", "", { "dependencies": { "cliui": "^8.0.1", "escalade": "^3.1.1", "get-caller-file": "^2.0.5", "require-directory": "^2.1.1", "string-width": "^4.2.3", "y18n": "^5.0.5", "yargs-parser": "^21.1.1" } }, "sha512-7dSzzRQ++CKnNI/krKnYRV7JKKPUXMEh61soaHKg9mrWEhzFWhFnxPxGl+69cD1Ou63C13NUPCnmIcrvqCuM6w=="],

    "yargs-parser": ["yargs-parser@21.1.1", "", {}, "sha512-tVpsJW7DdjecAiFpbIB1e3qxIQsE6NoPc5/eTdrbbIC4h0LVsWhnoa3g+m2HclBIujHzsxZ4VJVA+GUuc2/LBw=="],

    "chalk/supports-color": ["supports-color@7.2.0", "", { "dependencies": { "has-flag": "^4.0.0" } }, "sha512-qpCAvRl9stuOHveKsn7HncJRvv501qIacKzQlO/+Lwxc9+0q2wLyv4Dfvt80/DPn2pqOBsJdDiogXGR9+OvwRw=="],
  }
}
